<?xml version="1.0" encoding="utf-8"?>
<Project ToolsVersion="4.0" xmlns="http://schemas.microsoft.com/developer/msbuild/2003">
  <ItemGroup>
    <Filter Include="리소스 파일">
      <UniqueIdentifier>{67DA6AB6-F800-4c08-8B7A-83BB121AAD01}</UniqueIdentifier>
      <Extensions>rc;ico;cur;bmp;dlg;rc2;rct;bin;rgs;gif;jpg;jpeg;jpe;resx;tiff;tif;png;wav;mfcribbon-ms</Extensions>
    </Filter>
    <Filter Include="Engine">
      <UniqueIdentifier>{5d68dc46-9cfe-4a2d-a0a0-4246061bc3e0}</UniqueIdentifier>
    </Filter>
    <Filter Include="Default">
      <UniqueIdentifier>{55a45f7d-a71d-4b2a-bd88-c07aebdc7b17}</UniqueIdentifier>
    </Filter>
    <Filter Include="Engine\01. Header">
      <UniqueIdentifier>{ef197011-6f2a-40b9-8a15-54de33a16fdb}</UniqueIdentifier>
    </Filter>
    <Filter Include="Engine\02. Core">
      <UniqueIdentifier>{3d3aaf77-8364-4393-8645-7ec4356e3745}</UniqueIdentifier>
    </Filter>
    <Filter Include="Engine\03. SingleTon">
      <UniqueIdentifier>{35741d70-7262-4333-bebb-b6ca36a97417}</UniqueIdentifier>
    </Filter>
    <Filter Include="Engine\03. SingleTon\PathMgr">
      <UniqueIdentifier>{d0998856-c937-4a8c-86b4-d9ac6ea4c884}</UniqueIdentifier>
    </Filter>
    <Filter Include="Engine\03. SingleTon\TimeMgr">
      <UniqueIdentifier>{eabcc3b0-dd6d-42c5-851c-1be1705c9220}</UniqueIdentifier>
    </Filter>
    <Filter Include="Engine\03. SingleTon\FileMgr">
      <UniqueIdentifier>{5e9961f7-6d71-4745-85a3-5e8f0da4c330}</UniqueIdentifier>
    </Filter>
    <Filter Include="Engine\03. SingleTon\KeyMgr">
      <UniqueIdentifier>{85cf465a-d2f7-4966-8299-5573dae5304e}</UniqueIdentifier>
    </Filter>
    <Filter Include="Engine\03. SingleTon\Camera">
      <UniqueIdentifier>{f526b436-20d0-4d06-a1a1-965e27f0fcc4}</UniqueIdentifier>
    </Filter>
    <Filter Include="Engine\03. SingleTon\FontMgr">
      <UniqueIdentifier>{430906b0-f1cb-4056-940b-49b653ccadc5}</UniqueIdentifier>
    </Filter>
    <Filter Include="Engine\03. SingleTon\Direct2DMgr">
      <UniqueIdentifier>{7a28b41a-99c6-4c7c-bc96-d4375d019eeb}</UniqueIdentifier>
    </Filter>
    <Filter Include="Engine\03. SingleTon\SceneMgr">
      <UniqueIdentifier>{68225614-21e4-4f62-849b-85934a9de61c}</UniqueIdentifier>
    </Filter>
    <Filter Include="Engine\04. Scene">
      <UniqueIdentifier>{c15742b5-9a50-44d8-a31d-d3859c04f351}</UniqueIdentifier>
    </Filter>
    <Filter Include="Engine\05. Object">
      <UniqueIdentifier>{95db7c79-d767-4608-97fc-cc978595f666}</UniqueIdentifier>
    </Filter>
    <Filter Include="Engine\04. Scene\CScene_Test">
      <UniqueIdentifier>{911326e5-8a60-44f3-920e-80e86b1186a6}</UniqueIdentifier>
    </Filter>
    <Filter Include="Engine\05. Object\Player">
      <UniqueIdentifier>{d6da9b63-67fa-4bc9-9651-4f1c1ccb4b70}</UniqueIdentifier>
    </Filter>
    <Filter Include="Engine\03. SingleTon\SoundMgr">
      <UniqueIdentifier>{10caadfd-1fb5-40be-a567-d90acc50bd26}</UniqueIdentifier>
    </Filter>
    <Filter Include="Engine\06. Component">
      <UniqueIdentifier>{cc946351-59d9-4e0b-9b99-ea5037ffe6b0}</UniqueIdentifier>
    </Filter>
    <Filter Include="Engine\06. Component\TextUI">
      <UniqueIdentifier>{15a08de5-a879-4776-9249-4ad0bf3d2344}</UniqueIdentifier>
    </Filter>
    <Filter Include="Engine\05. Object\UI">
      <UniqueIdentifier>{4ee5a877-7065-4369-b504-c0c2e7288454}</UniqueIdentifier>
    </Filter>
    <Filter Include="Engine\07. Module">
      <UniqueIdentifier>{f33747c1-aaa5-4068-b6a0-68179c9853bb}</UniqueIdentifier>
    </Filter>
    <Filter Include="Engine\07. Module\SelectGDI">
      <UniqueIdentifier>{c59d1334-4c1c-4e5c-bfc3-1bed05761d00}</UniqueIdentifier>
    </Filter>
    <Filter Include="Engine\05. Object\UI\CBtnUI">
      <UniqueIdentifier>{c42beeba-7dfe-482b-acf2-524aa63fb8c4}</UniqueIdentifier>
    </Filter>
    <Filter Include="Engine\05. Object\UI\CSpriteUI">
      <UniqueIdentifier>{95c1124c-5236-411c-bda2-5a672ae4e95b}</UniqueIdentifier>
    </Filter>
    <Filter Include="Engine\06. Component\Image">
      <UniqueIdentifier>{01efa6d7-2b6c-455e-82f4-08fb34b09f8a}</UniqueIdentifier>
    </Filter>
    <Filter Include="Engine\03. SingleTon\UIMgr">
      <UniqueIdentifier>{9098addf-6010-4ad1-baa9-10965c51456b}</UniqueIdentifier>
    </Filter>
    <Filter Include="Engine\06. Component\Animator">
      <UniqueIdentifier>{1c2a3705-713d-417b-8eaa-d5cf56356e11}</UniqueIdentifier>
    </Filter>
    <Filter Include="Engine\06. Component\Animator\Animation">
      <UniqueIdentifier>{04f17d12-dab5-487d-b655-64294117eab0}</UniqueIdentifier>
    </Filter>
    <Filter Include="Engine\04. Scene\CScene_Main">
      <UniqueIdentifier>{fbda60b2-e909-47c5-b2f5-1b0f1cddda6d}</UniqueIdentifier>
    </Filter>
    <Filter Include="Engine\03. SingleTon\EventMgr">
      <UniqueIdentifier>{aa7024e1-5863-41f5-9f83-0b1b9e97ed13}</UniqueIdentifier>
    </Filter>
    <Filter Include="Engine\08. Factory">
      <UniqueIdentifier>{13d37df5-b00e-48b3-ad0f-92a772e7a573}</UniqueIdentifier>
    </Filter>
    <Filter Include="Engine\03. SingleTon\MapMgr">
      <UniqueIdentifier>{e663bc7e-d9cd-48dd-8356-404fd9790a5e}</UniqueIdentifier>
    </Filter>
    <Filter Include="Engine\03. SingleTon\PlayerMgr">
      <UniqueIdentifier>{aa329346-2a7a-4b4a-935a-d86ed3082650}</UniqueIdentifier>
    </Filter>
    <Filter Include="Engine\06. Component\Collider">
      <UniqueIdentifier>{e1a02504-c4a1-420f-b734-653afa7f64c2}</UniqueIdentifier>
    </Filter>
    <Filter Include="Engine\05. Object\Wall">
      <UniqueIdentifier>{1263378f-64f9-4d21-bd21-c2d2531732c1}</UniqueIdentifier>
    </Filter>
    <Filter Include="Engine\03. SingleTon\CollisionMgr">
      <UniqueIdentifier>{9f5f9fa0-8b47-4267-a3c7-8e7ae3127000}</UniqueIdentifier>
    </Filter>
    <Filter Include="Engine\03. SingleTon\MapMgr\CellMap">
      <UniqueIdentifier>{8b2b3c81-b668-4436-a920-5181dc027382}</UniqueIdentifier>
    </Filter>
    <Filter Include="Engine\04. Scene\CScene_Fight">
      <UniqueIdentifier>{5c009d4a-5593-4d0a-b23a-77e60eeb5d66}</UniqueIdentifier>
    </Filter>
    <Filter Include="Engine\05. Object\Door">
      <UniqueIdentifier>{e05dd8f8-7073-4aa8-bb01-4cfe96b203cd}</UniqueIdentifier>
    </Filter>
    <Filter Include="Engine\06. Component\RigidBody">
      <UniqueIdentifier>{5176f8ab-c0e5-43ab-9771-5562d1efc6fa}</UniqueIdentifier>
    </Filter>
    <Filter Include="Engine\05. Object\Tear">
      <UniqueIdentifier>{d1051498-5c85-49dd-8996-6feafd47558b}</UniqueIdentifier>
    </Filter>
    <Filter Include="Engine\03. SingleTon\ItemMgr">
      <UniqueIdentifier>{b70ec88a-a880-4781-b41b-879e4ca5cc3a}</UniqueIdentifier>
    </Filter>
    <Filter Include="Engine\05. Object\Item">
      <UniqueIdentifier>{af20e9a4-9164-49c8-a0fe-d2f0096d9fe5}</UniqueIdentifier>
    </Filter>
    <Filter Include="Engine\05. Object\Item\CCollectiblesItem">
      <UniqueIdentifier>{f8cedb7e-52cb-4e66-a911-caddd3d0dbde}</UniqueIdentifier>
    </Filter>
    <Filter Include="Engine\05. Object\UI\CPanelUI">
      <UniqueIdentifier>{ce46f675-7286-459b-99fc-1567ce8ee73b}</UniqueIdentifier>
    </Filter>
    <Filter Include="Engine\05. Object\Rock">
      <UniqueIdentifier>{c10df2bf-9f60-4661-ae03-440a07c68675}</UniqueIdentifier>
    </Filter>
    <Filter Include="Engine\03. SingleTon\EntityMgr">
      <UniqueIdentifier>{1431b978-d96b-4fab-b8b3-bd946f711ec2}</UniqueIdentifier>
    </Filter>
    <Filter Include="Engine\05. Object\Monster">
      <UniqueIdentifier>{8ac45f98-ae07-4a3e-9755-988994a47f24}</UniqueIdentifier>
    </Filter>
    <Filter Include="Engine\07. Module\AI">
      <UniqueIdentifier>{6213b1f7-3c29-455b-ab51-b752d0a20e00}</UniqueIdentifier>
    </Filter>
    <Filter Include="Engine\07. Module\AI\CState">
      <UniqueIdentifier>{ef08cdf9-f788-4346-b58e-2db1dcf61866}</UniqueIdentifier>
    </Filter>
    <Filter Include="Engine\07. Module\AI\CState\Trace">
      <UniqueIdentifier>{b968c438-c992-4f44-9df9-c13396240203}</UniqueIdentifier>
    </Filter>
    <Filter Include="Engine\07. Module\AI\CState\Idle">
      <UniqueIdentifier>{b06a8a4a-6d36-4827-9ece-008c4f4e3fe6}</UniqueIdentifier>
    </Filter>
    <Filter Include="Engine\07. Module\AI\CState\Attack">
      <UniqueIdentifier>{1f83b0a7-2b0f-429a-8966-9f13f17b2d7b}</UniqueIdentifier>
    </Filter>
    <Filter Include="Engine\08. Factory\CMonFactory">
      <UniqueIdentifier>{8d1046f0-9768-481c-a7ef-3ce91f8c3592}</UniqueIdentifier>
    </Filter>
    <Filter Include="Engine\05. Object\Monster\Fly">
      <UniqueIdentifier>{58769391-76ec-42fd-95a0-f0b3d5e5af09}</UniqueIdentifier>
    </Filter>
    <Filter Include="Engine\05. Object\Monster\Horf">
      <UniqueIdentifier>{b3259fa5-42e0-4df2-a1af-73f58c022f82}</UniqueIdentifier>
    </Filter>
    <Filter Include="Engine\07. Module\AI\CState\Idle\FlyIdle">
      <UniqueIdentifier>{be169d1f-34f0-4f20-93ad-923252df167a}</UniqueIdentifier>
    </Filter>
    <Filter Include="Engine\07. Module\AI\CState\Idle\HorfIdle">
      <UniqueIdentifier>{da18a8f9-39ff-4445-9a3b-bd4f9b81e020}</UniqueIdentifier>
    </Filter>
    <Filter Include="Engine\07. Module\AI\CState\Trace\FlyTrace">
      <UniqueIdentifier>{c404c070-450b-4b5e-b9a1-795b2c8cce87}</UniqueIdentifier>
    </Filter>
    <Filter Include="Engine\07. Module\AI\CState\Dead">
      <UniqueIdentifier>{53ad0285-660e-4fec-9606-d6d23b7ab2b1}</UniqueIdentifier>
    </Filter>
    <Filter Include="Engine\07. Module\AI\CState\Dead\FlyDead">
      <UniqueIdentifier>{7a3a4d50-a43c-41ec-9e35-79d50f022401}</UniqueIdentifier>
    </Filter>
    <Filter Include="Engine\07. Module\AI\CState\Dead\HorfDead">
      <UniqueIdentifier>{b9a9f850-6863-4495-b1fb-7c453df61d27}</UniqueIdentifier>
    </Filter>
    <Filter Include="Engine\05. Object\Item\PickUpItem">
      <UniqueIdentifier>{547fc7a2-6059-4c51-890d-7f0cec5ec9b8}</UniqueIdentifier>
    </Filter>
    <Filter Include="Engine\05. Object\Monster\Boss">
      <UniqueIdentifier>{786101df-0e46-4142-98fc-4a5606ca12cf}</UniqueIdentifier>
    </Filter>
    <Filter Include="Engine\05. Object\Monster\Boss\BabyPlum">
      <UniqueIdentifier>{ea4d6ae8-7a2c-4fa1-a2b8-d964b2753951}</UniqueIdentifier>
    </Filter>
    <Filter Include="Engine\07. Module\AI\CState\Idle\BabyPlumIdle">
      <UniqueIdentifier>{7f88fa2f-ac17-49c7-93f2-dd55817ea497}</UniqueIdentifier>
    </Filter>
    <Filter Include="Engine\07. Module\AI\CState\Trace\BabyPlumTrace">
      <UniqueIdentifier>{6b50fce4-67d9-4f41-bdd3-febddeb4d64a}</UniqueIdentifier>
    </Filter>
    <Filter Include="Engine\07. Module\AI\CState\Attack\HorfAttack">
      <UniqueIdentifier>{ca2ec409-1b9f-4dca-9dc3-703cc4f5c438}</UniqueIdentifier>
    </Filter>
    <Filter Include="Engine\07. Module\AI\CState\Attack\BabyPlumAttack">
      <UniqueIdentifier>{2e2b70a8-fd77-44f2-948e-9cf5815de439}</UniqueIdentifier>
    </Filter>
    <Filter Include="Engine\07. Module\AI\CState\Dead\BabyPlumDead">
      <UniqueIdentifier>{70e2d0f7-9529-4d5a-a4fe-6cfc326cb29a}</UniqueIdentifier>
    </Filter>
  </ItemGroup>
  <ItemGroup>
    <ClInclude Include="global.h">
      <Filter>Engine\01. Header</Filter>
    </ClInclude>
    <ClInclude Include="CCore.h">
      <Filter>Engine\02. Core</Filter>
    </ClInclude>
    <ClInclude Include="framework.h">
      <Filter>Default</Filter>
    </ClInclude>
    <ClInclude Include="Resource.h">
      <Filter>Default</Filter>
    </ClInclude>
    <ClInclude Include="targetver.h">
      <Filter>Default</Filter>
    </ClInclude>
    <ClInclude Include="TBI.h">
      <Filter>Default</Filter>
    </ClInclude>
    <ClInclude Include="define.h">
      <Filter>Engine\01. Header</Filter>
    </ClInclude>
    <ClInclude Include="struct.h">
      <Filter>Engine\01. Header</Filter>
    </ClInclude>
    <ClInclude Include="CPathMgr.h">
      <Filter>Engine\03. SingleTon\PathMgr</Filter>
    </ClInclude>
    <ClInclude Include="CTimeMgr.h">
      <Filter>Engine\03. SingleTon\TimeMgr</Filter>
    </ClInclude>
    <ClInclude Include="CKeyMgr.h">
      <Filter>Engine\03. SingleTon\KeyMgr</Filter>
    </ClInclude>
    <ClInclude Include="CCamera.h">
      <Filter>Engine\03. SingleTon\Camera</Filter>
    </ClInclude>
    <ClInclude Include="Direct2DMgr.h">
      <Filter>Engine\03. SingleTon\Direct2DMgr</Filter>
    </ClInclude>
    <ClInclude Include="CSceneMgr.h">
      <Filter>Engine\03. SingleTon\SceneMgr</Filter>
    </ClInclude>
    <ClInclude Include="CScene.h">
      <Filter>Engine\04. Scene</Filter>
    </ClInclude>
    <ClInclude Include="CObject.h">
      <Filter>Engine\05. Object</Filter>
    </ClInclude>
    <ClInclude Include="func.h">
      <Filter>Engine\01. Header</Filter>
    </ClInclude>
    <ClInclude Include="CScene_Test.h">
      <Filter>Engine\04. Scene\CScene_Test</Filter>
    </ClInclude>
    <ClInclude Include="CPlayer.h">
      <Filter>Engine\05. Object\Player</Filter>
    </ClInclude>
    <ClInclude Include="CSoundMgr.h">
      <Filter>Engine\03. SingleTon\SoundMgr</Filter>
    </ClInclude>
    <ClInclude Include="CFileMgr.h">
      <Filter>Engine\03. SingleTon\FileMgr</Filter>
    </ClInclude>
    <ClInclude Include="CTextUI.h">
      <Filter>Engine\06. Component\TextUI</Filter>
    </ClInclude>
    <ClInclude Include="CFontMgr.h">
      <Filter>Engine\03. SingleTon\FontMgr</Filter>
    </ClInclude>
    <ClInclude Include="CUI.h">
      <Filter>Engine\05. Object\UI</Filter>
    </ClInclude>
    <ClInclude Include="SelectGDI.h">
      <Filter>Engine\07. Module\SelectGDI</Filter>
    </ClInclude>
    <ClInclude Include="CSpriteUI.h">
      <Filter>Engine\05. Object\UI\CSpriteUI</Filter>
    </ClInclude>
    <ClInclude Include="CImage.h">
      <Filter>Engine\06. Component\Image</Filter>
    </ClInclude>
    <ClInclude Include="CAnimator.h">
      <Filter>Engine\06. Component\Animator</Filter>
    </ClInclude>
    <ClInclude Include="CAnimation.h">
      <Filter>Engine\06. Component\Animator\Animation</Filter>
    </ClInclude>
    <ClInclude Include="CScene_Main.h">
      <Filter>Engine\04. Scene\CScene_Main</Filter>
    </ClInclude>
    <ClInclude Include="CUIMgr.h">
      <Filter>Engine\03. SingleTon\UIMgr</Filter>
    </ClInclude>
    <ClInclude Include="header_pos.h">
      <Filter>Engine\01. Header</Filter>
    </ClInclude>
    <ClInclude Include="names_string.h">
      <Filter>Engine\01. Header</Filter>
    </ClInclude>
    <ClInclude Include="CEventMgr.h">
      <Filter>Engine\03. SingleTon\EventMgr</Filter>
    </ClInclude>
    <ClInclude Include="MapMgr.h">
      <Filter>Engine\03. SingleTon\MapMgr</Filter>
    </ClInclude>
    <ClInclude Include="CPlayerMgr.h">
      <Filter>Engine\03. SingleTon\PlayerMgr</Filter>
    </ClInclude>
    <ClInclude Include="CCollider.h">
      <Filter>Engine\06. Component\Collider</Filter>
    </ClInclude>
    <ClInclude Include="CWall.h">
      <Filter>Engine\05. Object\Wall</Filter>
    </ClInclude>
    <ClInclude Include="CCollisionMgr.h">
      <Filter>Engine\03. SingleTon\CollisionMgr</Filter>
    </ClInclude>
    <ClInclude Include="CellMap.h">
      <Filter>Engine\03. SingleTon\MapMgr\CellMap</Filter>
    </ClInclude>
    <ClInclude Include="CScene_Fight.h">
      <Filter>Engine\04. Scene\CScene_Fight</Filter>
    </ClInclude>
    <ClInclude Include="CDoor.h">
      <Filter>Engine\05. Object\Door</Filter>
    </ClInclude>
    <ClInclude Include="CTear.h">
      <Filter>Engine\05. Object\Tear</Filter>
    </ClInclude>
    <ClInclude Include="CRigidBody.h">
      <Filter>Engine\06. Component\RigidBody</Filter>
    </ClInclude>
    <ClInclude Include="character_stats.h">
      <Filter>Engine\01. Header</Filter>
    </ClInclude>
    <ClInclude Include="CItemMgr.h">
      <Filter>Engine\03. SingleTon\ItemMgr</Filter>
    </ClInclude>
    <ClInclude Include="CItem.h">
      <Filter>Engine\05. Object\Item</Filter>
    </ClInclude>
    <ClInclude Include="item_info.h">
      <Filter>Engine\01. Header</Filter>
    </ClInclude>
    <ClInclude Include="CCollectiblesItem.h">
      <Filter>Engine\05. Object\Item\CCollectiblesItem</Filter>
    </ClInclude>
    <ClInclude Include="CPanelUI.h">
      <Filter>Engine\05. Object\UI\CPanelUI</Filter>
    </ClInclude>
    <ClInclude Include="CRock.h">
      <Filter>Engine\05. Object\Rock</Filter>
    </ClInclude>
    <ClInclude Include="CEntityMgr.h">
      <Filter>Engine\03. SingleTon\EntityMgr</Filter>
    </ClInclude>
    <ClInclude Include="CMonster.h">
      <Filter>Engine\05. Object\Monster</Filter>
    </ClInclude>
    <ClInclude Include="AI.h">
      <Filter>Engine\07. Module\AI</Filter>
    </ClInclude>
    <ClInclude Include="CState.h">
      <Filter>Engine\07. Module\AI\CState</Filter>
    </ClInclude>
    <ClInclude Include="CMonFactory.h">
      <Filter>Engine\08. Factory\CMonFactory</Filter>
    </ClInclude>
    <ClInclude Include="CFly_Mon.h">
      <Filter>Engine\05. Object\Monster\Fly</Filter>
    </ClInclude>
    <ClInclude Include="CHorf_Mon.h">
      <Filter>Engine\05. Object\Monster\Horf</Filter>
    </ClInclude>
    <ClInclude Include="CHorfIdleState.h">
      <Filter>Engine\07. Module\AI\CState\Idle\HorfIdle</Filter>
    </ClInclude>
    <ClInclude Include="CFlyIdleState.h">
      <Filter>Engine\07. Module\AI\CState\Idle\FlyIdle</Filter>
    </ClInclude>
    <ClInclude Include="CFlyTraceState.h">
      <Filter>Engine\07. Module\AI\CState\Trace\FlyTrace</Filter>
    </ClInclude>
    <ClInclude Include="CFlyDeadState.h">
      <Filter>Engine\07. Module\AI\CState\Dead\FlyDead</Filter>
    </ClInclude>
    <ClInclude Include="CHorfDeadState.h">
      <Filter>Engine\07. Module\AI\CState\Dead\HorfDead</Filter>
    </ClInclude>
    <ClInclude Include="CPickUpItem.h">
      <Filter>Engine\05. Object\Item\PickUpItem</Filter>
    </ClInclude>
    <ClInclude Include="CBaby_Plum.h">
      <Filter>Engine\05. Object\Monster\Boss\BabyPlum</Filter>
    </ClInclude>
    <ClInclude Include="CBabyPlumIdleState.h">
      <Filter>Engine\07. Module\AI\CState\Idle\BabyPlumIdle</Filter>
    </ClInclude>
    <ClInclude Include="CBabyPlumTraceState.h">
      <Filter>Engine\07. Module\AI\CState\Trace\BabyPlumTrace</Filter>
    </ClInclude>
    <ClInclude Include="CHorfAttackState.h">
      <Filter>Engine\07. Module\AI\CState\Attack\HorfAttack</Filter>
    </ClInclude>
    <ClInclude Include="CBabyPlumAttackState.h">
      <Filter>Engine\07. Module\AI\CState\Attack\BabyPlumAttack</Filter>
    </ClInclude>
    <ClInclude Include="CBabyPlumDeadState.h">
      <Filter>Engine\07. Module\AI\CState\Dead\BabyPlumDead</Filter>
    </ClInclude>
  </ItemGroup>
  <ItemGroup>
    <ResourceCompile Include="TBI.rc">
      <Filter>리소스 파일</Filter>
    </ResourceCompile>
  </ItemGroup>
  <ItemGroup>
    <Image Include="small.ico">
      <Filter>리소스 파일</Filter>
    </Image>
    <Image Include="TBI.ico">
      <Filter>리소스 파일</Filter>
    </Image>
  </ItemGroup>
  <ItemGroup>
    <ClCompile Include="TBI.cpp" />
    <ClCompile Include="CCore.cpp">
      <Filter>Engine\02. Core</Filter>
    </ClCompile>
    <ClCompile Include="CPathMgr.cpp">
      <Filter>Engine\03. SingleTon\PathMgr</Filter>
    </ClCompile>
    <ClCompile Include="CTimeMgr.cpp">
      <Filter>Engine\03. SingleTon\TimeMgr</Filter>
    </ClCompile>
    <ClCompile Include="CKeyMgr.cpp">
      <Filter>Engine\03. SingleTon\KeyMgr</Filter>
    </ClCompile>
    <ClCompile Include="CCamera.cpp">
      <Filter>Engine\03. SingleTon\Camera</Filter>
    </ClCompile>
    <ClCompile Include="Direct2DMgr.cpp">
      <Filter>Engine\03. SingleTon\Direct2DMgr</Filter>
    </ClCompile>
    <ClCompile Include="CSceneMgr.cpp">
      <Filter>Engine\03. SingleTon\SceneMgr</Filter>
    </ClCompile>
    <ClCompile Include="CScene.cpp">
      <Filter>Engine\04. Scene</Filter>
    </ClCompile>
    <ClCompile Include="CObject.cpp">
      <Filter>Engine\05. Object</Filter>
    </ClCompile>
    <ClCompile Include="func.cpp">
      <Filter>Engine\01. Header</Filter>
    </ClCompile>
    <ClCompile Include="CScene_Test.cpp">
      <Filter>Engine\04. Scene\CScene_Test</Filter>
    </ClCompile>
    <ClCompile Include="CPlayer.cpp">
      <Filter>Engine\05. Object\Player</Filter>
    </ClCompile>
    <ClCompile Include="CSoundMgr.cpp">
      <Filter>Engine\03. SingleTon\SoundMgr</Filter>
    </ClCompile>
    <ClCompile Include="CFileMgr.cpp">
      <Filter>Engine\03. SingleTon\FileMgr</Filter>
    </ClCompile>
    <ClCompile Include="CTextUI.cpp">
      <Filter>Engine\06. Component\TextUI</Filter>
    </ClCompile>
    <ClCompile Include="CFontMgr.cpp">
      <Filter>Engine\03. SingleTon\FontMgr</Filter>
    </ClCompile>
    <ClCompile Include="CUI.cpp">
      <Filter>Engine\05. Object\UI</Filter>
    </ClCompile>
    <ClCompile Include="SelectGDI.cpp">
      <Filter>Engine\07. Module\SelectGDI</Filter>
    </ClCompile>
    <ClCompile Include="CSpriteUI.cpp">
      <Filter>Engine\05. Object\UI\CSpriteUI</Filter>
    </ClCompile>
    <ClCompile Include="CImage.cpp">
      <Filter>Engine\06. Component\Image</Filter>
    </ClCompile>
    <ClCompile Include="CAnimator.cpp">
      <Filter>Engine\06. Component\Animator</Filter>
    </ClCompile>
    <ClCompile Include="CAnimation.cpp">
      <Filter>Engine\06. Component\Animator\Animation</Filter>
    </ClCompile>
    <ClCompile Include="CScene_Main.cpp">
      <Filter>Engine\04. Scene\CScene_Main</Filter>
    </ClCompile>
    <ClCompile Include="CUIMgr.cpp">
      <Filter>Engine\03. SingleTon\UIMgr</Filter>
    </ClCompile>
    <ClCompile Include="CEventMgr.cpp">
      <Filter>Engine\03. SingleTon\EventMgr</Filter>
    </ClCompile>
    <ClCompile Include="MapMgr.cpp">
      <Filter>Engine\03. SingleTon\MapMgr</Filter>
    </ClCompile>
    <ClCompile Include="CPlayerMgr.cpp">
      <Filter>Engine\03. SingleTon\PlayerMgr</Filter>
    </ClCompile>
    <ClCompile Include="CCollider.cpp">
      <Filter>Engine\06. Component\Collider</Filter>
    </ClCompile>
    <ClCompile Include="CWall.cpp">
      <Filter>Engine\05. Object\Wall</Filter>
    </ClCompile>
    <ClCompile Include="CCollisionMgr.cpp">
      <Filter>Engine\03. SingleTon\CollisionMgr</Filter>
    </ClCompile>
    <ClCompile Include="CellMap.cpp">
      <Filter>Engine\03. SingleTon\MapMgr\CellMap</Filter>
    </ClCompile>
    <ClCompile Include="CScene_Fight.cpp">
      <Filter>Engine\04. Scene\CScene_Fight</Filter>
    </ClCompile>
    <ClCompile Include="CDoor.cpp">
      <Filter>Engine\05. Object\Door</Filter>
    </ClCompile>
    <ClCompile Include="CTear.cpp">
      <Filter>Engine\05. Object\Tear</Filter>
    </ClCompile>
    <ClCompile Include="CRigidBody.cpp">
      <Filter>Engine\06. Component\RigidBody</Filter>
    </ClCompile>
    <ClCompile Include="CItemMgr.cpp">
      <Filter>Engine\03. SingleTon\ItemMgr</Filter>
    </ClCompile>
    <ClCompile Include="CItem.cpp">
      <Filter>Engine\05. Object\Item</Filter>
    </ClCompile>
    <ClCompile Include="CCollectiblesItem.cpp">
      <Filter>Engine\05. Object\Item\CCollectiblesItem</Filter>
    </ClCompile>
    <ClCompile Include="CPanelUI.cpp">
      <Filter>Engine\05. Object\UI\CPanelUI</Filter>
    </ClCompile>
    <ClCompile Include="CRock.cpp">
      <Filter>Engine\05. Object\Rock</Filter>
    </ClCompile>
    <ClCompile Include="CEntityMgr.cpp">
      <Filter>Engine\03. SingleTon\EntityMgr</Filter>
    </ClCompile>
    <ClCompile Include="CMonster.cpp">
      <Filter>Engine\05. Object\Monster</Filter>
    </ClCompile>
    <ClCompile Include="AI.cpp">
      <Filter>Engine\07. Module\AI</Filter>
    </ClCompile>
    <ClCompile Include="CState.cpp">
      <Filter>Engine\07. Module\AI\CState</Filter>
    </ClCompile>
    <ClCompile Include="CMonFactory.cpp">
      <Filter>Engine\08. Factory\CMonFactory</Filter>
    </ClCompile>
    <ClCompile Include="CFly_Mon.cpp">
      <Filter>Engine\05. Object\Monster\Fly</Filter>
    </ClCompile>
    <ClCompile Include="CHorf_Mon.cpp">
      <Filter>Engine\05. Object\Monster\Horf</Filter>
    </ClCompile>
    <ClCompile Include="CHorfIdleState.cpp">
      <Filter>Engine\07. Module\AI\CState\Idle\HorfIdle</Filter>
    </ClCompile>
    <ClCompile Include="CFlyIdleState.cpp">
      <Filter>Engine\07. Module\AI\CState\Idle\FlyIdle</Filter>
    </ClCompile>
    <ClCompile Include="CFlyTraceState.cpp">
      <Filter>Engine\07. Module\AI\CState\Trace\FlyTrace</Filter>
    </ClCompile>
    <ClCompile Include="CFlyDeadState.cpp">
      <Filter>Engine\07. Module\AI\CState\Dead\FlyDead</Filter>
    </ClCompile>
    <ClCompile Include="CHorfDeadState.cpp">
      <Filter>Engine\07. Module\AI\CState\Dead\HorfDead</Filter>
    </ClCompile>
    <ClCompile Include="CPickUpItem.cpp">
      <Filter>Engine\05. Object\Item\PickUpItem</Filter>
    </ClCompile>
    <ClCompile Include="CBaby_Plum.cpp">
      <Filter>Engine\05. Object\Monster\Boss\BabyPlum</Filter>
    </ClCompile>
    <ClCompile Include="CBabyPlumIdleState.cpp">
      <Filter>Engine\07. Module\AI\CState\Idle\BabyPlumIdle</Filter>
    </ClCompile>
    <ClCompile Include="CBabyPlumTraceState.cpp">
      <Filter>Engine\07. Module\AI\CState\Trace\BabyPlumTrace</Filter>
    </ClCompile>
    <ClCompile Include="CHorfAttackState.cpp">
      <Filter>Engine\07. Module\AI\CState\Attack\HorfAttack</Filter>
    </ClCompile>
    <ClCompile Include="CBabyPlumAttackState.cpp">
      <Filter>Engine\07. Module\AI\CState\Attack\BabyPlumAttack</Filter>
    </ClCompile>
    <ClCompile Include="CBabyPlumDeadState.cpp">
      <Filter>Engine\07. Module\AI\CState\Dead\BabyPlumDead</Filter>
    </ClCompile>
  </ItemGroup>
</Project>