<?xml version="1.0" encoding="utf-8"?>
<Project ToolsVersion="4.0" xmlns="http://schemas.microsoft.com/developer/msbuild/2003">
  <ItemGroup>
    <Filter Include="리소스 파일">
      <UniqueIdentifier>{67DA6AB6-F800-4c08-8B7A-83BB121AAD01}</UniqueIdentifier>
      <Extensions>rc;ico;cur;bmp;dlg;rc2;rct;bin;rgs;gif;jpg;jpeg;jpe;resx;tiff;tif;png;wav;mfcribbon-ms</Extensions>
    </Filter>
    <Filter Include="Engine">
      <UniqueIdentifier>{5d68dc46-9cfe-4a2d-a0a0-4246061bc3e0}</UniqueIdentifier>
    </Filter>
    <Filter Include="Default">
      <UniqueIdentifier>{55a45f7d-a71d-4b2a-bd88-c07aebdc7b17}</UniqueIdentifier>
    </Filter>
    <Filter Include="Engine\01. Header">
      <UniqueIdentifier>{ef197011-6f2a-40b9-8a15-54de33a16fdb}</UniqueIdentifier>
    </Filter>
    <Filter Include="Engine\02. Core">
      <UniqueIdentifier>{3d3aaf77-8364-4393-8645-7ec4356e3745}</UniqueIdentifier>
    </Filter>
    <Filter Include="Engine\03. SingleTon">
      <UniqueIdentifier>{35741d70-7262-4333-bebb-b6ca36a97417}</UniqueIdentifier>
    </Filter>
    <Filter Include="Engine\03. SingleTon\PathMgr">
      <UniqueIdentifier>{d0998856-c937-4a8c-86b4-d9ac6ea4c884}</UniqueIdentifier>
    </Filter>
    <Filter Include="Engine\03. SingleTon\TimeMgr">
      <UniqueIdentifier>{eabcc3b0-dd6d-42c5-851c-1be1705c9220}</UniqueIdentifier>
    </Filter>
    <Filter Include="Engine\03. SingleTon\FileMgr">
      <UniqueIdentifier>{5e9961f7-6d71-4745-85a3-5e8f0da4c330}</UniqueIdentifier>
    </Filter>
    <Filter Include="Engine\03. SingleTon\KeyMgr">
      <UniqueIdentifier>{85cf465a-d2f7-4966-8299-5573dae5304e}</UniqueIdentifier>
    </Filter>
    <Filter Include="Engine\03. SingleTon\Camera">
      <UniqueIdentifier>{f526b436-20d0-4d06-a1a1-965e27f0fcc4}</UniqueIdentifier>
    </Filter>
    <Filter Include="Engine\03. SingleTon\FontMgr">
      <UniqueIdentifier>{430906b0-f1cb-4056-940b-49b653ccadc5}</UniqueIdentifier>
    </Filter>
    <Filter Include="Engine\03. SingleTon\Direct2DMgr">
      <UniqueIdentifier>{7a28b41a-99c6-4c7c-bc96-d4375d019eeb}</UniqueIdentifier>
    </Filter>
    <Filter Include="Engine\03. SingleTon\SceneMgr">
      <UniqueIdentifier>{68225614-21e4-4f62-849b-85934a9de61c}</UniqueIdentifier>
    </Filter>
    <Filter Include="Engine\04. Scene">
      <UniqueIdentifier>{c15742b5-9a50-44d8-a31d-d3859c04f351}</UniqueIdentifier>
    </Filter>
    <Filter Include="Engine\05. Object">
      <UniqueIdentifier>{95db7c79-d767-4608-97fc-cc978595f666}</UniqueIdentifier>
    </Filter>
    <Filter Include="Engine\04. Scene\CScene_Test">
      <UniqueIdentifier>{911326e5-8a60-44f3-920e-80e86b1186a6}</UniqueIdentifier>
    </Filter>
    <Filter Include="Engine\05. Object\Player">
      <UniqueIdentifier>{d6da9b63-67fa-4bc9-9651-4f1c1ccb4b70}</UniqueIdentifier>
    </Filter>
    <Filter Include="Engine\03. SingleTon\SoundMgr">
      <UniqueIdentifier>{10caadfd-1fb5-40be-a567-d90acc50bd26}</UniqueIdentifier>
    </Filter>
    <Filter Include="Engine\06. Component">
      <UniqueIdentifier>{cc946351-59d9-4e0b-9b99-ea5037ffe6b0}</UniqueIdentifier>
    </Filter>
    <Filter Include="Engine\06. Component\TextUI">
      <UniqueIdentifier>{15a08de5-a879-4776-9249-4ad0bf3d2344}</UniqueIdentifier>
    </Filter>
  </ItemGroup>
  <ItemGroup>
    <ClInclude Include="global.h">
      <Filter>Engine\01. Header</Filter>
    </ClInclude>
    <ClInclude Include="CCore.h">
      <Filter>Engine\02. Core</Filter>
    </ClInclude>
    <ClInclude Include="framework.h">
      <Filter>Default</Filter>
    </ClInclude>
    <ClInclude Include="Resource.h">
      <Filter>Default</Filter>
    </ClInclude>
    <ClInclude Include="targetver.h">
      <Filter>Default</Filter>
    </ClInclude>
    <ClInclude Include="TBI.h">
      <Filter>Default</Filter>
    </ClInclude>
    <ClInclude Include="define.h">
      <Filter>Engine\01. Header</Filter>
    </ClInclude>
    <ClInclude Include="struct.h">
      <Filter>Engine\01. Header</Filter>
    </ClInclude>
    <ClInclude Include="CPathMgr.h">
      <Filter>Engine\03. SingleTon\PathMgr</Filter>
    </ClInclude>
    <ClInclude Include="CTimeMgr.h">
      <Filter>Engine\03. SingleTon\TimeMgr</Filter>
    </ClInclude>
    <ClInclude Include="CKeyMgr.h">
      <Filter>Engine\03. SingleTon\KeyMgr</Filter>
    </ClInclude>
    <ClInclude Include="CCamera.h">
      <Filter>Engine\03. SingleTon\Camera</Filter>
    </ClInclude>
    <ClInclude Include="Direct2DMgr.h">
      <Filter>Engine\03. SingleTon\Direct2DMgr</Filter>
    </ClInclude>
    <ClInclude Include="CSceneMgr.h">
      <Filter>Engine\03. SingleTon\SceneMgr</Filter>
    </ClInclude>
    <ClInclude Include="CScene.h">
      <Filter>Engine\04. Scene</Filter>
    </ClInclude>
    <ClInclude Include="CObject.h">
      <Filter>Engine\05. Object</Filter>
    </ClInclude>
    <ClInclude Include="func.h">
      <Filter>Engine\01. Header</Filter>
    </ClInclude>
    <ClInclude Include="CScene_Test.h">
      <Filter>Engine\04. Scene\CScene_Test</Filter>
    </ClInclude>
    <ClInclude Include="CPlayer.h">
      <Filter>Engine\05. Object\Player</Filter>
    </ClInclude>
    <ClInclude Include="CSoundMgr.h">
      <Filter>Engine\03. SingleTon\SoundMgr</Filter>
    </ClInclude>
    <ClInclude Include="CFileMgr.h">
      <Filter>Engine\03. SingleTon\FileMgr</Filter>
    </ClInclude>
    <ClInclude Include="CTextUI.h">
      <Filter>Engine\06. Component\TextUI</Filter>
    </ClInclude>
    <ClInclude Include="CFontMgr.h">
      <Filter>Engine\03. SingleTon\FontMgr</Filter>
    </ClInclude>
  </ItemGroup>
  <ItemGroup>
    <ResourceCompile Include="TBI.rc">
      <Filter>리소스 파일</Filter>
    </ResourceCompile>
  </ItemGroup>
  <ItemGroup>
    <Image Include="small.ico">
      <Filter>리소스 파일</Filter>
    </Image>
    <Image Include="TBI.ico">
      <Filter>리소스 파일</Filter>
    </Image>
  </ItemGroup>
  <ItemGroup>
    <ClCompile Include="TBI.cpp" />
    <ClCompile Include="CCore.cpp">
      <Filter>Engine\02. Core</Filter>
    </ClCompile>
    <ClCompile Include="CPathMgr.cpp">
      <Filter>Engine\03. SingleTon\PathMgr</Filter>
    </ClCompile>
    <ClCompile Include="CTimeMgr.cpp">
      <Filter>Engine\03. SingleTon\TimeMgr</Filter>
    </ClCompile>
    <ClCompile Include="CKeyMgr.cpp">
      <Filter>Engine\03. SingleTon\KeyMgr</Filter>
    </ClCompile>
    <ClCompile Include="CCamera.cpp">
      <Filter>Engine\03. SingleTon\Camera</Filter>
    </ClCompile>
    <ClCompile Include="Direct2DMgr.cpp">
      <Filter>Engine\03. SingleTon\Direct2DMgr</Filter>
    </ClCompile>
    <ClCompile Include="CSceneMgr.cpp">
      <Filter>Engine\03. SingleTon\SceneMgr</Filter>
    </ClCompile>
    <ClCompile Include="CScene.cpp">
      <Filter>Engine\04. Scene</Filter>
    </ClCompile>
    <ClCompile Include="CObject.cpp">
      <Filter>Engine\05. Object</Filter>
    </ClCompile>
    <ClCompile Include="func.cpp">
      <Filter>Engine\01. Header</Filter>
    </ClCompile>
    <ClCompile Include="CScene_Test.cpp">
      <Filter>Engine\04. Scene\CScene_Test</Filter>
    </ClCompile>
    <ClCompile Include="CPlayer.cpp">
      <Filter>Engine\05. Object\Player</Filter>
    </ClCompile>
    <ClCompile Include="CSoundMgr.cpp">
      <Filter>Engine\03. SingleTon\SoundMgr</Filter>
    </ClCompile>
    <ClCompile Include="CFileMgr.cpp">
      <Filter>Engine\03. SingleTon\FileMgr</Filter>
    </ClCompile>
    <ClCompile Include="CTextUI.cpp">
      <Filter>Engine\06. Component\TextUI</Filter>
    </ClCompile>
    <ClCompile Include="CFontMgr.cpp">
      <Filter>Engine\03. SingleTon\FontMgr</Filter>
    </ClCompile>
  </ItemGroup>
</Project>